
Microsoft Visual Studio Solution File, Format Version 12.00
# Visual Studio Version 17
VisualStudioVersion = 17.0.32014.148
MinimumVisualStudioVersion = 10.0.40219.1
Project("{FAE04EC0-301F-11D3-BF4B-00C04F79EFBC}") = "MetaDataUpdater", "MetaDataUpdater\MetaDataUpdater.csproj", "{6E407C7B-B94E-41D5-9A43-AEEC35C1A9AA}"
EndProject
Global
	GlobalSection(SolutionConfigurationPlatforms) = preSolution
		Debug|Any CPU = Debug|Any CPU
		Release|Any CPU = Release|Any CPU
	EndGlobalSection
	GlobalSection(ProjectConfigurationPlatforms) = postSolution
		{6E407C7B-B94E-41D5-9A43-AEEC35C1A9AA}.Debug|Any CPU.ActiveCfg = Debug|Any CPU
		{6E407C7B-B94E-41D5-9A43-AEEC35C1A9AA}.Debug|Any CPU.Build.0 = Debug|Any CPU
		{6E407C7B-B94E-41D5-9A43-AEEC35C1A9AA}.Release|Any CPU.ActiveCfg = Release|Any CPU
		{6E407C7B-B94E-41D5-9A43-AEEC35C1A9AA}.Release|Any CPU.Build.0 = Release|Any CPU
	EndGlobalSection
	GlobalSection(SolutionProperties) = preSolution
		HideSolutionNode = FALSE
	EndGlobalSection
	GlobalSection(ExtensibilityGlobals) = postSolution
		SolutionGuid = {583C78C0-1323-478D-8949-210C74649F50}
	EndGlobalSection
EndGlobal
